
Microsoft Visual Studio Solution File, Format Version 12.00
# Visual Studio Version 17
VisualStudioVersion = 17.0.32112.339
MinimumVisualStudioVersion = 10.0.40219.1
Project("{9A19103F-16F7-4668-BE54-9A1E7A4F7556}") = "H1", "H1\H1.csproj", "{A294870A-F6D1-497C-9C78-1F63FA3E6012}"
EndProject
Global
	GlobalSection(SolutionConfigurationPlatforms) = preSolution
		Debug|Any CPU = Debug|Any CPU
		Release|Any CPU = Release|Any CPU
	EndGlobalSection
	GlobalSection(ProjectConfigurationPlatforms) = postSolution
		{A294870A-F6D1-497C-9C78-1F63FA3E6012}.Debug|Any CPU.ActiveCfg = Debug|Any CPU
		{A294870A-F6D1-497C-9C78-1F63FA3E6012}.Debug|Any CPU.Build.0 = Debug|Any CPU
		{A294870A-F6D1-497C-9C78-1F63FA3E6012}.Release|Any CPU.ActiveCfg = Release|Any CPU
		{A294870A-F6D1-497C-9C78-1F63FA3E6012}.Release|Any CPU.Build.0 = Release|Any CPU
	EndGlobalSection
	GlobalSection(SolutionProperties) = preSolution
		HideSolutionNode = FALSE
	EndGlobalSection
	GlobalSection(ExtensibilityGlobals) = postSolution
		SolutionGuid = {06C72035-3E99-4C0F-977A-712798A1A82D}
	EndGlobalSection
EndGlobal
